{
  "name": "app",
  "version": "0.0.1",
  "lockfileVersion": 1,
  "requires": true,
  "dependencies": {
    "@firebase/app": {
      "version": "0.1.2",
      "resolved": "https://registry.npmjs.org/@firebase/app/-/app-0.1.2.tgz",
      "integrity": "sha512-H2moN0Dl5LJn1AiRsCvwJsfE7PLKYYYJc+WKqAta+qIB/ZzBAay8NTVBYHiqsteLHc7gXofoi8zEUrGjbmz4OQ==",
      "requires": {
        "@firebase/util": "0.1.2"
      }
    },
    "@firebase/auth": {
      "version": "0.2.1",
      "resolved": "https://registry.npmjs.org/@firebase/auth/-/auth-0.2.1.tgz",
      "integrity": "sha512-Nh+U+vVUZcPGxLkxQyC465iWj9IBipNZWrQnyHwQib6w66me0+A5IhpXJNHD6YMWk0EEUd6IyK4XGDbQR3SK+g=="
    },
    "@firebase/database": {
      "version": "0.1.3",
      "resolved": "https://registry.npmjs.org/@firebase/database/-/database-0.1.3.tgz",
      "integrity": "sha512-Uk9IRPYDmpDRBvnIZhs16iQX/7GxetslWD+7N6GKgEDmO9csPC+9hHmdXkcVc6cG7xHCePdRJGvhrVt3ax7Fcw==",
      "requires": {
        "@firebase/util": "0.1.2",
        "faye-websocket": "0.11.1"
      }
    },
    "@firebase/firestore": {
      "version": "0.1.3",
      "resolved": "https://registry.npmjs.org/@firebase/firestore/-/firestore-0.1.3.tgz",
      "integrity": "sha512-Ra2BuFJtLhcI3MoyuyuqbcNetBq1rRZFSJpPI5AaMqydkUYB3JbMolGvjHZDHNqi2cnO1phLw29m1Z8cNto/TA==",
      "requires": {
        "@firebase/webchannel-wrapper": "0.2.3"
      }
    },
    "@firebase/messaging": {
      "version": "0.1.3",
      "resolved": "https://registry.npmjs.org/@firebase/messaging/-/messaging-0.1.3.tgz",
      "integrity": "sha512-mQxG4y+wT7hCSsNzPGdFKjZ7/NLIdSJRYX59bLL3F0HMIuOlNtYXxKjN23vBGljwFufx3dQBtlX8beDBKbOv4Q==",
      "requires": {
        "@firebase/util": "0.1.2"
      }
    },
    "@firebase/polyfill": {
      "version": "0.1.2",
      "resolved": "https://registry.npmjs.org/@firebase/polyfill/-/polyfill-0.1.2.tgz",
      "integrity": "sha512-5oneu9nOYDZkZWyfvBXFa+ORWj9HeOYhwWy4HSJzCLKLnOvQSSZRcNBD2cVrysGR8tZCEfyKqq3fnwtODCvIQg==",
      "requires": {
        "promise-polyfill": "6.0.2"
      }
    },
    "@firebase/storage": {
      "version": "0.1.2",
      "resolved": "https://registry.npmjs.org/@firebase/storage/-/storage-0.1.2.tgz",
      "integrity": "sha512-Il1+R2BbFfhwq4H6OAF+hpxr5mAxoD3CK/i/78CiDATtKR5OU9kuQf7T3V3khMeFspK0H6r02Oe9gTbS2XhPkQ=="
    },
    "@firebase/util": {
      "version": "0.1.2",
      "resolved": "https://registry.npmjs.org/@firebase/util/-/util-0.1.2.tgz",
      "integrity": "sha512-XzvnxTsPIukAJmBVpBOGTLVgz27Iyoudmum6Bqy8Czu2qhWjikhkE1UlND7Gh5BwTpBVr03axjovRXgh5xgIxw=="
    },
    "@firebase/webchannel-wrapper": {
      "version": "0.2.3",
      "resolved": "https://registry.npmjs.org/@firebase/webchannel-wrapper/-/webchannel-wrapper-0.2.3.tgz",
      "integrity": "sha512-EWSvoDVXmUwP1nP65ob1gEGiJi38Pv1e9dmL1DHBcupmYdST1cbYper6N2EVnCkzMIm2/EfZiGSL1nf8V4uiKg=="
    },
    "@littleq/littleq-router": {
      "version": "0.0.1",
      "resolved": "https://registry.npmjs.org/@littleq/littleq-router/-/littleq-router-0.0.1.tgz",
      "integrity": "sha512-htvMz9tdO+QJEqoqBWpLsO/EC21w58M4PtGkHz1ZjLoR8YiQMp5e5KBmZwMa1I34yt6RlyAg1UV7CeOAevoLsQ==",
      "requires": {
        "@littleq/location-mixin": "0.0.3",
        "@littleq/query-params-mixin": "0.0.1",
        "@littleq/state-manager": "0.0.2",
        "@polymer/polymer": "3.0.0-pre.1",
        "global": "4.3.2",
        "path-to-regexp": "2.1.0",
        "redux": "3.7.2"
      }
    },
    "@littleq/location-mixin": {
      "version": "0.0.3",
      "resolved": "https://registry.npmjs.org/@littleq/location-mixin/-/location-mixin-0.0.3.tgz",
      "integrity": "sha1-1gHtOTRKvdhdU453lQyOg+FGuPg=",
      "requires": {
        "@littleq/state-manager": "0.0.1",
        "global": "4.3.2",
        "redux": "3.7.2"
      },
      "dependencies": {
        "@littleq/state-manager": {
          "version": "0.0.1",
          "resolved": "https://registry.npmjs.org/@littleq/state-manager/-/state-manager-0.0.1.tgz",
          "integrity": "sha1-UzN9y+d+4dt8LwefqulgipKVFFU=",
          "requires": {
            "@polymer/polymer": "3.0.0-pre.1",
            "redux": "3.7.2"
          }
        }
      }
    },
    "@littleq/query-params-mixin": {
      "version": "0.0.1",
      "resolved": "https://registry.npmjs.org/@littleq/query-params-mixin/-/query-params-mixin-0.0.1.tgz",
      "integrity": "sha1-YYHxXFgbBVpAfztz/CJb2zMdPBA=",
      "requires": {
        "@littleq/state-manager": "0.0.1",
        "redux": "3.7.2"
      },
      "dependencies": {
        "@littleq/state-manager": {
          "version": "0.0.1",
          "resolved": "https://registry.npmjs.org/@littleq/state-manager/-/state-manager-0.0.1.tgz",
          "integrity": "sha1-UzN9y+d+4dt8LwefqulgipKVFFU=",
          "requires": {
            "@polymer/polymer": "3.0.0-pre.1",
            "redux": "3.7.2"
          }
        }
      }
    },
    "@littleq/state-manager": {
      "version": "0.0.2",
      "resolved": "https://registry.npmjs.org/@littleq/state-manager/-/state-manager-0.0.2.tgz",
      "integrity": "sha1-TK+Xk77p5s49Q7neHDVd3/IV6Hg=",
      "requires": {
        "@polymer/polymer": "3.0.0-pre.1",
        "redux": "3.7.2"
      }
    },
    "@polymer/polymer": {
      "version": "3.0.0-pre.1",
      "resolved": "https://registry.npmjs.org/@polymer/polymer/-/polymer-3.0.0-pre.1.tgz",
      "integrity": "sha512-yfVY9yl3hmnbU+RtcOobmmiPCkqIqpjMdo3+KoJ6gpFTUFFClKBqSAe7qussIGoyEUNdacXHF6OUj0Y2bTIDew==",
      "requires": {
        "@webcomponents/shadycss": "1.0.6",
        "@webcomponents/webcomponentsjs": "1.0.17"
      }
    },
    "@webcomponents/shadycss": {
      "version": "1.0.6",
      "resolved": "https://registry.npmjs.org/@webcomponents/shadycss/-/shadycss-1.0.6.tgz",
      "integrity": "sha512-4yGifxIQkDzf3SRQIRE4e4cI09yawgZ6GHsnrkSLdohesKo4oMgxc5sF0wv2DQN7o7mCAjBYnunQXcHmC62qhw=="
    },
    "@webcomponents/webcomponentsjs": {
      "version": "1.0.17",
      "resolved": "https://registry.npmjs.org/@webcomponents/webcomponentsjs/-/webcomponentsjs-1.0.17.tgz",
      "integrity": "sha512-u74a41l3NwkJIfSSJc1aWz9nzY/a8mVWdQ2bT0VuZmmyOCqVu/nTDHg5Emv14Kj5Os3u/OtjtcRa+PQTXRzgfA=="
    },
    "dom-storage": {
      "version": "2.0.2",
      "resolved": "https://registry.npmjs.org/dom-storage/-/dom-storage-2.0.2.tgz",
      "integrity": "sha1-7RfL9oq9EOCu+BgnE+KXxeS1ALA="
    },
    "dom-walk": {
      "version": "0.1.1",
      "resolved": "https://registry.npmjs.org/dom-walk/-/dom-walk-0.1.1.tgz",
      "integrity": "sha1-ZyIm3HTI95mtNTB9+TaroRrNYBg="
    },
    "es5-shim": {
      "version": "4.5.9",
      "resolved": "https://registry.npmjs.org/es5-shim/-/es5-shim-4.5.9.tgz",
      "integrity": "sha1-Kh4rnlg/9f7Qwgo+4svz91IwpcA="
    },
    "es6-promise": {
      "version": "4.1.1",
      "resolved": "https://registry.npmjs.org/es6-promise/-/es6-promise-4.1.1.tgz",
      "integrity": "sha512-OaU1hHjgJf+b0NzsxCg7NdIYERD6Hy/PEmFLTjw+b65scuisG3Kt4QoTvJ66BBkPZ581gr0kpoVzKnxniM8nng=="
    },
    "es6-shim": {
      "version": "0.35.3",
      "resolved": "https://registry.npmjs.org/es6-shim/-/es6-shim-0.35.3.tgz",
      "integrity": "sha1-m/tzY/7//4emzbbNk+QF7DxLbyY="
    },
    "faye-websocket": {
      "version": "0.11.1",
      "resolved": "https://registry.npmjs.org/faye-websocket/-/faye-websocket-0.11.1.tgz",
      "integrity": "sha1-8O/hjE9W5PQK/H4Gxxn9XuYYjzg=",
      "requires": {
        "websocket-driver": "0.7.0"
      }
    },
    "firebase": {
      "version": "4.6.1",
      "resolved": "https://registry.npmjs.org/firebase/-/firebase-4.6.1.tgz",
      "integrity": "sha512-hHSSrrfGwcz52rxqRPljMArIXjKufAs4AiwCeygC+d3KaLMem2bJgD/LqY4paz9/mY4InLyMQlahCsvc7j1clQ==",
      "requires": {
        "@firebase/app": "0.1.2",
        "@firebase/auth": "0.2.1",
        "@firebase/database": "0.1.3",
        "@firebase/firestore": "0.1.3",
        "@firebase/messaging": "0.1.3",
        "@firebase/polyfill": "0.1.2",
        "@firebase/storage": "0.1.2",
        "dom-storage": "2.0.2",
        "xmlhttprequest": "1.8.0"
      }
    },
    "global": {
      "version": "4.3.2",
      "resolved": "https://registry.npmjs.org/global/-/global-4.3.2.tgz",
      "integrity": "sha1-52mJJopsdMOJCLEwWxD8DjlOnQ8=",
      "requires": {
        "min-document": "2.19.0",
        "process": "0.5.2"
      }
    },
    "http-parser-js": {
      "version": "0.4.9",
      "resolved": "https://registry.npmjs.org/http-parser-js/-/http-parser-js-0.4.9.tgz",
      "integrity": "sha1-6hoE+2St/wJC6ZdPKX3Uw8rSceE="
    },
    "intersection-observer": {
      "version": "0.4.2",
      "resolved": "https://registry.npmjs.org/intersection-observer/-/intersection-observer-0.4.2.tgz",
      "integrity": "sha512-SFGCL4d6A7J+aXNHTx94zV7ydngTKraDBvoJjn5iGgsXYhXgAXIYj8i3ewJoO80BRB7qtBB3sBlrdGNwTktzLg=="
    },
    "js-tokens": {
      "version": "3.0.2",
      "resolved": "https://registry.npmjs.org/js-tokens/-/js-tokens-3.0.2.tgz",
      "integrity": "sha1-mGbfOVECEw449/mWvOtlRDIJwls="
    },
    "lodash": {
      "version": "4.17.4",
      "resolved": "https://registry.npmjs.org/lodash/-/lodash-4.17.4.tgz",
      "integrity": "sha1-eCA6TRwyiuHYbcpkYONptX9AVa4="
    },
    "lodash-es": {
      "version": "4.17.4",
      "resolved": "https://registry.npmjs.org/lodash-es/-/lodash-es-4.17.4.tgz",
      "integrity": "sha1-3MHXVS4VCgZABzupyzHXDwMpUOc="
    },
    "loose-envify": {
      "version": "1.3.1",
      "resolved": "https://registry.npmjs.org/loose-envify/-/loose-envify-1.3.1.tgz",
      "integrity": "sha1-0aitM/qc4OcT1l/dCsi3SNR4yEg=",
      "requires": {
        "js-tokens": "3.0.2"
      }
    },
    "min-document": {
      "version": "2.19.0",
      "resolved": "https://registry.npmjs.org/min-document/-/min-document-2.19.0.tgz",
      "integrity": "sha1-e9KC4/WELtKVu3SM3Z8f+iyCRoU=",
      "requires": {
        "dom-walk": "0.1.1"
      }
    },
    "path-to-regexp": {
      "version": "2.1.0",
      "resolved": "https://registry.npmjs.org/path-to-regexp/-/path-to-regexp-2.1.0.tgz",
      "integrity": "sha512-dZY7QPCPp5r9cnNuQ955mOv4ZFVDXY/yvqeV7Y1W2PJA3PEFcuow9xKFfJxbBj1pIjOAP+M2B4/7xubmykLrXw=="
    },
    "process": {
      "version": "0.5.2",
      "resolved": "https://registry.npmjs.org/process/-/process-0.5.2.tgz",
      "integrity": "sha1-FjjYqONML0QKkduVq5rrZ3/Bhc8="
    },
    "promise-polyfill": {
      "version": "6.0.2",
      "resolved": "https://registry.npmjs.org/promise-polyfill/-/promise-polyfill-6.0.2.tgz",
      "integrity": "sha1-2chtPcTcLfkBboiUbe/Wm0m0EWI="
    },
    "redux": {
      "version": "3.7.2",
      "resolved": "https://registry.npmjs.org/redux/-/redux-3.7.2.tgz",
      "integrity": "sha512-pNqnf9q1hI5HHZRBkj3bAngGZW/JMCmexDlOxw4XagXY2o1327nHH54LoTjiPJ0gizoqPDRqWyX/00g0hD6w+A==",
      "requires": {
        "lodash": "4.17.4",
        "lodash-es": "4.17.4",
        "loose-envify": "1.3.1",
        "symbol-observable": "1.0.4"
      }
    },
    "symbol-observable": {
      "version": "1.0.4",
      "resolved": "https://registry.npmjs.org/symbol-observable/-/symbol-observable-1.0.4.tgz",
      "integrity": "sha1-Kb9hXUqnEhvdiYsi1LP5vE4qoD0="
    },
    "websocket-driver": {
      "version": "0.7.0",
      "resolved": "https://registry.npmjs.org/websocket-driver/-/websocket-driver-0.7.0.tgz",
      "integrity": "sha1-DK+dLXVdk67gSdS90NP+LMoqJOs=",
      "requires": {
        "http-parser-js": "0.4.9",
        "websocket-extensions": "0.1.2"
      }
    },
    "websocket-extensions": {
      "version": "0.1.2",
      "resolved": "https://registry.npmjs.org/websocket-extensions/-/websocket-extensions-0.1.2.tgz",
      "integrity": "sha1-Dhh4HeYpoYMIzhSBZQ9n/6JpOl0="
    },
    "xmlhttprequest": {
      "version": "1.8.0",
      "resolved": "https://registry.npmjs.org/xmlhttprequest/-/xmlhttprequest-1.8.0.tgz",
      "integrity": "sha1-Z/4HXFwk/vOfnWX197f+dRcZaPw="
    }
  }
}
